{
  "name": "blazor.word.addin",
  "version": "1.0.0",
  "lockfileVersion": 3,
  "requires": true,
  "packages": {
    "": {
      "name": "blazor.word.addin",
      "version": "1.0.0",
      "license": "MIT",
      "devDependencies": {
        "@types/office-js-preview": "^1.0.669"
      }
    },
    "node_modules/@types/office-js-preview": {
      "version": "1.0.669",
      "resolved": "https://registry.npmjs.org/@types/office-js-preview/-/office-js-preview-1.0.669.tgz",
      "integrity": "sha512-cHhamybH92VZWHsX36WP0C4UWsVSUll4bOGSq62lU5u5DjSoOpMUy/umwy/YEnEZQar5DIZVTTu/VQ6K4TBqag==",
      "dev": true,
      "license": "MIT"
    }
  }
}
