{
  "name": "blazor.word.addin",
  "version": "1.0.0",
  "lockfileVersion": 3,
  "requires": true,
  "packages": {
    "": {
      "name": "blazor.word.addin",
      "version": "1.0.0",
      "license": "MIT",
      "devDependencies": {
        "@microsoft/dotnet-js-interop": "10.0.0",
        "@types/office-js-preview": "^1.0.673"
      }
    },
    "node_modules/@microsoft/dotnet-js-interop": {
      "version": "10.0.0",
      "resolved": "https://registry.npmjs.org/@microsoft/dotnet-js-interop/-/dotnet-js-interop-10.0.0.tgz",
      "integrity": "sha512-cYmqSePCKSs6srwGWz6lOq/UIogKgFw0ZOq0MtQzxRI1G/YiBOhlvM4Nj8DuGBp/1guSlFApIVv85SkXJTMOIQ==",
      "dev": true,
      "license": "MIT"
    },
    "node_modules/@types/office-js-preview": {
      "version": "1.0.679",
      "resolved": "https://registry.npmjs.org/@types/office-js-preview/-/office-js-preview-1.0.679.tgz",
      "integrity": "sha512-8kJF+vdf1F7ygxY4OWJLiE4asqhD/m/G1Tyi0eVXQuobIsX+L2yj2xMM6p80mRRrUPW6b/pSIn+g+fWR9h4wKA==",
      "dev": true,
      "license": "MIT"
    }
  }
}
